
Microsoft Visual Studio Solution File, Format Version 12.00
# Visual Studio Version 16
VisualStudioVersion = 16.0.31129.286
MinimumVisualStudioVersion = 10.0.40219.1
Project("{FAE04EC0-301F-11D3-BF4B-00C04F79EFBC}") = "DappAPI", "DappAPI\DappAPI.csproj", "{099FDD0C-19F8-4DBB-957A-2C08AC3E6D7E}"
EndProject
Global
	GlobalSection(SolutionConfigurationPlatforms) = preSolution
		Debug|Any CPU = Debug|Any CPU
		Release|Any CPU = Release|Any CPU
	EndGlobalSection
	GlobalSection(ProjectConfigurationPlatforms) = postSolution
		{099FDD0C-19F8-4DBB-957A-2C08AC3E6D7E}.Debug|Any CPU.ActiveCfg = Debug|Any CPU
		{099FDD0C-19F8-4DBB-957A-2C08AC3E6D7E}.Debug|Any CPU.Build.0 = Debug|Any CPU
		{099FDD0C-19F8-4DBB-957A-2C08AC3E6D7E}.Release|Any CPU.ActiveCfg = Release|Any CPU
		{099FDD0C-19F8-4DBB-957A-2C08AC3E6D7E}.Release|Any CPU.Build.0 = Release|Any CPU
	EndGlobalSection
	GlobalSection(SolutionProperties) = preSolution
		HideSolutionNode = FALSE
	EndGlobalSection
	GlobalSection(ExtensibilityGlobals) = postSolution
		SolutionGuid = {C831BDCC-86FF-417E-9AD9-DD602FB32CC3}
	EndGlobalSection
EndGlobal
